
Microsoft Visual Studio Solution File, Format Version 12.00
# Visual Studio Version 17
VisualStudioVersion = 17.8.34511.84
MinimumVisualStudioVersion = 10.0.40219.1
Project("{FAE04EC0-301F-11D3-BF4B-00C04F79EFBC}") = "ArrayTestWithGPT", "ArrayTestWithGPT\ArrayTestWithGPT.csproj", "{2A64B638-503B-4F7F-A8CC-049AD3CFA8DD}"
EndProject
Global
	GlobalSection(SolutionConfigurationPlatforms) = preSolution
		Debug|Any CPU = Debug|Any CPU
		Release|Any CPU = Release|Any CPU
	EndGlobalSection
	GlobalSection(ProjectConfigurationPlatforms) = postSolution
		{2A64B638-503B-4F7F-A8CC-049AD3CFA8DD}.Debug|Any CPU.ActiveCfg = Debug|Any CPU
		{2A64B638-503B-4F7F-A8CC-049AD3CFA8DD}.Debug|Any CPU.Build.0 = Debug|Any CPU
		{2A64B638-503B-4F7F-A8CC-049AD3CFA8DD}.Release|Any CPU.ActiveCfg = Release|Any CPU
		{2A64B638-503B-4F7F-A8CC-049AD3CFA8DD}.Release|Any CPU.Build.0 = Release|Any CPU
	EndGlobalSection
	GlobalSection(SolutionProperties) = preSolution
		HideSolutionNode = FALSE
	EndGlobalSection
	GlobalSection(ExtensibilityGlobals) = postSolution
		SolutionGuid = {4401779B-29FD-427B-BF60-37647A6D026B}
	EndGlobalSection
EndGlobal
